
Microsoft Visual Studio Solution File, Format Version 12.00
# Visual Studio Version 16
VisualStudioVersion = 16.0.36128.20
MinimumVisualStudioVersion = 10.0.40219.1
Project("{FAE04EC0-301F-11D3-BF4B-00C04F79EFBC}") = "assign 5", "assign 5\assign 5.csproj", "{C5D6135B-1F4B-4023-8DA2-9D2263A36209}"
EndProject
Global
	GlobalSection(SolutionConfigurationPlatforms) = preSolution
		Debug|Any CPU = Debug|Any CPU
		Release|Any CPU = Release|Any CPU
	EndGlobalSection
	GlobalSection(ProjectConfigurationPlatforms) = postSolution
		{C5D6135B-1F4B-4023-8DA2-9D2263A36209}.Debug|Any CPU.ActiveCfg = Debug|Any CPU
		{C5D6135B-1F4B-4023-8DA2-9D2263A36209}.Debug|Any CPU.Build.0 = Debug|Any CPU
		{C5D6135B-1F4B-4023-8DA2-9D2263A36209}.Release|Any CPU.ActiveCfg = Release|Any CPU
		{C5D6135B-1F4B-4023-8DA2-9D2263A36209}.Release|Any CPU.Build.0 = Release|Any CPU
	EndGlobalSection
	GlobalSection(SolutionProperties) = preSolution
		HideSolutionNode = FALSE
	EndGlobalSection
	GlobalSection(ExtensibilityGlobals) = postSolution
		SolutionGuid = {3A0B0D54-34B8-43B0-871B-A37753D0B632}
	EndGlobalSection
EndGlobal
